<?xml version="1.0" encoding="utf-8"?>
<Project ToolsVersion="4.0" xmlns="http://schemas.microsoft.com/developer/msbuild/2003">
  <ItemGroup>
    <CudaCompile Include="voxelize.cu" />
  </ItemGroup>
  <ItemGroup>
    <ClCompile Include="main.cpp" />
    <ClCompile Include="util_cuda.cpp">
      <Filter>util</Filter>
    </ClCompile>
    <ClCompile Include="util.cpp">
      <Filter>util</Filter>
    </ClCompile>
    <ClCompile Include="util_io.cpp">
      <Filter>util</Filter>
    </ClCompile>
  </ItemGroup>
  <ItemGroup>
    <ClInclude Include="util_common.h">
      <Filter>Headers</Filter>
    </ClInclude>
    <ClInclude Include="util_cuda.h">
      <Filter>Headers</Filter>
    </ClInclude>
    <ClInclude Include="util.h">
      <Filter>Headers</Filter>
    </ClInclude>
    <ClInclude Include="util_io.h">
      <Filter>Headers</Filter>
    </ClInclude>
  </ItemGroup>
  <ItemGroup>
    <Text Include="todo.txt" />
  </ItemGroup>
  <ItemGroup>
    <Filter Include="Headers">
      <UniqueIdentifier>{a2e537a9-9e17-41e8-a392-f7ab084dbd64}</UniqueIdentifier>
    </Filter>
    <Filter Include="util">
      <UniqueIdentifier>{a0232da8-2097-49f4-9412-0e4223c7ba4d}</UniqueIdentifier>
    </Filter>
  </ItemGroup>
</Project>